
Microsoft Visual Studio Solution File, Format Version 12.00
# Visual Studio 14
VisualStudioVersion = 14.0.25420.1
MinimumVisualStudioVersion = 10.0.40219.1
Project("{FAE04EC0-301F-11D3-BF4B-00C04F79EFBC}") = "etax.collector", "src\engine\collector\etax.collector.csproj", "{A93A842A-D003-48C0-8722-682CE46B0275}"
EndProject
Project("{2150E333-8FDC-42A3-9474-1A3956D46DE8}") = "src", "src", "{F533C126-95E0-458A-916F-BE28FB0ED4D9}"
EndProject
Project("{2150E333-8FDC-42A3-9474-1A3956D46DE8}") = "web", "web", "{38BED2D3-F1D7-49DC-80C9-D0D4197E5DFC}"
EndProject
Project("{2150E333-8FDC-42A3-9474-1A3956D46DE8}") = "Solution Items", "Solution Items", "{24BA8343-822B-4BEF-A165-DEE19311BF1A}"
	ProjectSection(SolutionItems) = preProject
		LICENSE = LICENSE
		LICENSE.md = LICENSE.md
		README.md = README.md
	EndProjectSection
EndProject
Project("{FAE04EC0-301F-11D3-BF4B-00C04F79EFBC}") = "etax.web", "src\web-folder\etax.web.csproj", "{3D12FFC3-7621-4BA2-A0B8-250CE90E0B12}"
EndProject
Project("{FAE04EC0-301F-11D3-BF4B-00C04F79EFBC}") = "etax.mailer", "src\engine\mailer\etax.mailer.csproj", "{EE7D2DB3-9C95-4B9D-ACA9-37AA9B541F5E}"
EndProject
Project("{FAE04EC0-301F-11D3-BF4B-00C04F79EFBC}") = "etax.provider", "src\engine\provider\etax.provider.csproj", "{02B7B175-BA35-4336-9DA5-A21AEAE9557D}"
EndProject
Project("{FAE04EC0-301F-11D3-BF4B-00C04F79EFBC}") = "etax.reporter", "src\engine\reporter\etax.reporter.csproj", "{14817E05-756C-4941-A793-7BDF8312E6E9}"
EndProject
Project("{FAE04EC0-301F-11D3-BF4B-00C04F79EFBC}") = "etax.responsor", "src\engine\responsor\etax.responsor.csproj", "{2487867F-4D4B-4DB4-9EF6-C1DA46EFC71F}"
EndProject
Project("{FAE04EC0-301F-11D3-BF4B-00C04F79EFBC}") = "etax.library", "src\library\etax.library.csproj", "{4EEA384A-CC29-4F33-94EE-0E6D3E27DA58}"
EndProject
Project("{2150E333-8FDC-42A3-9474-1A3956D46DE8}") = "library", "library", "{E9B8C987-29E2-4AD9-85D9-428F1C8FC208}"
EndProject
Project("{2150E333-8FDC-42A3-9474-1A3956D46DE8}") = "engine", "engine", "{12955274-A6EE-4587-8DCC-971313F2F012}"
EndProject
Project("{FAE04EC0-301F-11D3-BF4B-00C04F79EFBC}") = "etax.signer", "src\engine\signer\etax.signer.csproj", "{407E081E-F81A-48FA-B81E-0B55F4509EF2}"
EndProject
Global
	GlobalSection(SolutionConfigurationPlatforms) = preSolution
		Debug|Any CPU = Debug|Any CPU
		Release|Any CPU = Release|Any CPU
	EndGlobalSection
	GlobalSection(ProjectConfigurationPlatforms) = postSolution
		{A93A842A-D003-48C0-8722-682CE46B0275}.Debug|Any CPU.ActiveCfg = Debug|Any CPU
		{A93A842A-D003-48C0-8722-682CE46B0275}.Debug|Any CPU.Build.0 = Debug|Any CPU
		{A93A842A-D003-48C0-8722-682CE46B0275}.Release|Any CPU.ActiveCfg = Release|Any CPU
		{A93A842A-D003-48C0-8722-682CE46B0275}.Release|Any CPU.Build.0 = Release|Any CPU
		{3D12FFC3-7621-4BA2-A0B8-250CE90E0B12}.Debug|Any CPU.ActiveCfg = Debug|Any CPU
		{3D12FFC3-7621-4BA2-A0B8-250CE90E0B12}.Debug|Any CPU.Build.0 = Debug|Any CPU
		{3D12FFC3-7621-4BA2-A0B8-250CE90E0B12}.Release|Any CPU.ActiveCfg = Release|Any CPU
		{3D12FFC3-7621-4BA2-A0B8-250CE90E0B12}.Release|Any CPU.Build.0 = Release|Any CPU
		{EE7D2DB3-9C95-4B9D-ACA9-37AA9B541F5E}.Debug|Any CPU.ActiveCfg = Debug|Any CPU
		{EE7D2DB3-9C95-4B9D-ACA9-37AA9B541F5E}.Debug|Any CPU.Build.0 = Debug|Any CPU
		{EE7D2DB3-9C95-4B9D-ACA9-37AA9B541F5E}.Release|Any CPU.ActiveCfg = Release|Any CPU
		{EE7D2DB3-9C95-4B9D-ACA9-37AA9B541F5E}.Release|Any CPU.Build.0 = Release|Any CPU
		{02B7B175-BA35-4336-9DA5-A21AEAE9557D}.Debug|Any CPU.ActiveCfg = Debug|Any CPU
		{02B7B175-BA35-4336-9DA5-A21AEAE9557D}.Debug|Any CPU.Build.0 = Debug|Any CPU
		{02B7B175-BA35-4336-9DA5-A21AEAE9557D}.Release|Any CPU.ActiveCfg = Release|Any CPU
		{02B7B175-BA35-4336-9DA5-A21AEAE9557D}.Release|Any CPU.Build.0 = Release|Any CPU
		{14817E05-756C-4941-A793-7BDF8312E6E9}.Debug|Any CPU.ActiveCfg = Debug|Any CPU
		{14817E05-756C-4941-A793-7BDF8312E6E9}.Debug|Any CPU.Build.0 = Debug|Any CPU
		{14817E05-756C-4941-A793-7BDF8312E6E9}.Release|Any CPU.ActiveCfg = Release|Any CPU
		{14817E05-756C-4941-A793-7BDF8312E6E9}.Release|Any CPU.Build.0 = Release|Any CPU
		{2487867F-4D4B-4DB4-9EF6-C1DA46EFC71F}.Debug|Any CPU.ActiveCfg = Debug|Any CPU
		{2487867F-4D4B-4DB4-9EF6-C1DA46EFC71F}.Debug|Any CPU.Build.0 = Debug|Any CPU
		{2487867F-4D4B-4DB4-9EF6-C1DA46EFC71F}.Release|Any CPU.ActiveCfg = Release|Any CPU
		{2487867F-4D4B-4DB4-9EF6-C1DA46EFC71F}.Release|Any CPU.Build.0 = Release|Any CPU
		{4EEA384A-CC29-4F33-94EE-0E6D3E27DA58}.Debug|Any CPU.ActiveCfg = Debug|Any CPU
		{4EEA384A-CC29-4F33-94EE-0E6D3E27DA58}.Debug|Any CPU.Build.0 = Debug|Any CPU
		{4EEA384A-CC29-4F33-94EE-0E6D3E27DA58}.Release|Any CPU.ActiveCfg = Release|Any CPU
		{4EEA384A-CC29-4F33-94EE-0E6D3E27DA58}.Release|Any CPU.Build.0 = Release|Any CPU
		{407E081E-F81A-48FA-B81E-0B55F4509EF2}.Debug|Any CPU.ActiveCfg = Debug|Any CPU
		{407E081E-F81A-48FA-B81E-0B55F4509EF2}.Debug|Any CPU.Build.0 = Debug|Any CPU
		{407E081E-F81A-48FA-B81E-0B55F4509EF2}.Release|Any CPU.ActiveCfg = Release|Any CPU
		{407E081E-F81A-48FA-B81E-0B55F4509EF2}.Release|Any CPU.Build.0 = Release|Any CPU
	EndGlobalSection
	GlobalSection(SolutionProperties) = preSolution
		HideSolutionNode = FALSE
	EndGlobalSection
	GlobalSection(NestedProjects) = preSolution
		{A93A842A-D003-48C0-8722-682CE46B0275} = {12955274-A6EE-4587-8DCC-971313F2F012}
		{38BED2D3-F1D7-49DC-80C9-D0D4197E5DFC} = {F533C126-95E0-458A-916F-BE28FB0ED4D9}
		{3D12FFC3-7621-4BA2-A0B8-250CE90E0B12} = {38BED2D3-F1D7-49DC-80C9-D0D4197E5DFC}
		{EE7D2DB3-9C95-4B9D-ACA9-37AA9B541F5E} = {12955274-A6EE-4587-8DCC-971313F2F012}
		{02B7B175-BA35-4336-9DA5-A21AEAE9557D} = {12955274-A6EE-4587-8DCC-971313F2F012}
		{14817E05-756C-4941-A793-7BDF8312E6E9} = {12955274-A6EE-4587-8DCC-971313F2F012}
		{2487867F-4D4B-4DB4-9EF6-C1DA46EFC71F} = {12955274-A6EE-4587-8DCC-971313F2F012}
		{4EEA384A-CC29-4F33-94EE-0E6D3E27DA58} = {E9B8C987-29E2-4AD9-85D9-428F1C8FC208}
		{E9B8C987-29E2-4AD9-85D9-428F1C8FC208} = {F533C126-95E0-458A-916F-BE28FB0ED4D9}
		{12955274-A6EE-4587-8DCC-971313F2F012} = {F533C126-95E0-458A-916F-BE28FB0ED4D9}
		{407E081E-F81A-48FA-B81E-0B55F4509EF2} = {12955274-A6EE-4587-8DCC-971313F2F012}
	EndGlobalSection
EndGlobal
